// !$*UTF8*$!
{
	archiveVersion = 1;
	classes = {
	};
	objectVersion = 50;
	objects = {

/* Begin PBXBuildFile section */
		8E0F234326F2161200EB6729 /* onboardingtestApp.swift in Sources */ = {isa = PBXBuildFile; fileRef = 8E0F234226F2161200EB6729 /* onboardingtestApp.swift */; };
		8E0F234526F2161200EB6729 /* ContentView.swift in Sources */ = {isa = PBXBuildFile; fileRef = 8E0F234426F2161200EB6729 /* ContentView.swift */; };
		8E0F234726F2161200EB6729 /* Assets.xcassets in Resources */ = {isa = PBXBuildFile; fileRef = 8E0F234626F2161200EB6729 /* Assets.xcassets */; };
		8E0F234A26F2161200EB6729 /* Preview Assets.xcassets in Resources */ = {isa = PBXBuildFile; fileRef = 8E0F234926F2161200EB6729 /* Preview Assets.xcassets */; };
		8E0F235226F2163600EB6729 /* ColorExtensions.swift in Sources */ = {isa = PBXBuildFile; fileRef = 8E0F235126F2163600EB6729 /* ColorExtensions.swift */; };
		8E0F235426F2199F00EB6729 /* Model.swift in Sources */ = {isa = PBXBuildFile; fileRef = 8E0F235326F2199F00EB6729 /* Model.swift */; };
		8E0F235626F219D900EB6729 /* SwiftUIView.swift in Sources */ = {isa = PBXBuildFile; fileRef = 8E0F235526F219D900EB6729 /* SwiftUIView.swift */; };
		8E0F235826F21D4500EB6729 /* OnBoardingHome.swift in Sources */ = {isa = PBXBuildFile; fileRef = 8E0F235726F21D4500EB6729 /* OnBoardingHome.swift */; };
/* End PBXBuildFile section */

/* Begin PBXFileReference section */
		8E0F233F26F2161200EB6729 /* onboardingtest.app */ = {isa = PBXFileReference; explicitFileType = wrapper.application; includeInIndex = 0; path = onboardingtest.app; sourceTree = BUILT_PRODUCTS_DIR; };
		8E0F234226F2161200EB6729 /* onboardingtestApp.swift */ = {isa = PBXFileReference; lastKnownFileType = sourcecode.swift; path = onboardingtestApp.swift; sourceTree = "<group>"; };
		8E0F234426F2161200EB6729 /* ContentView.swift */ = {isa = PBXFileReference; lastKnownFileType = sourcecode.swift; path = ContentView.swift; sourceTree = "<group>"; };
		8E0F234626F2161200EB6729 /* Assets.xcassets */ = {isa = PBXFileReference; lastKnownFileType = folder.assetcatalog; path = Assets.xcassets; sourceTree = "<group>"; };
		8E0F234926F2161200EB6729 /* Preview Assets.xcassets */ = {isa = PBXFileReference; lastKnownFileType = folder.assetcatalog; path = "Preview Assets.xcassets"; sourceTree = "<group>"; };
		8E0F234B26F2161200EB6729 /* Info.plist */ = {isa = PBXFileReference; lastKnownFileType = text.plist.xml; path = Info.plist; sourceTree = "<group>"; };
		8E0F235126F2163600EB6729 /* ColorExtensions.swift */ = {isa = PBXFileReference; fileEncoding = 4; lastKnownFileType = sourcecode.swift; path = ColorExtensions.swift; sourceTree = "<group>"; };
		8E0F235326F2199F00EB6729 /* Model.swift */ = {isa = PBXFileReference; lastKnownFileType = sourcecode.swift; path = Model.swift; sourceTree = "<group>"; };
		8E0F235526F219D900EB6729 /* SwiftUIView.swift */ = {isa = PBXFileReference; lastKnownFileType = sourcecode.swift; path = SwiftUIView.swift; sourceTree = "<group>"; };
		8E0F235726F21D4500EB6729 /* OnBoardingHome.swift */ = {isa = PBXFileReference; lastKnownFileType = sourcecode.swift; path = OnBoardingHome.swift; sourceTree = "<group>"; };
/* End PBXFileReference section */

/* Begin PBXFrameworksBuildPhase section */
		8E0F233C26F2161200EB6729 /* Frameworks */ = {
			isa = PBXFrameworksBuildPhase;
			buildActionMask = 2147483647;
			files = (
			);
			runOnlyForDeploymentPostprocessing = 0;
		};
/* End PBXFrameworksBuildPhase section */

/* Begin PBXGroup section */
		8E0F233626F2161200EB6729 = {
			isa = PBXGroup;
			children = (
				8E0F234126F2161200EB6729 /* onboardingtest */,
				8E0F234026F2161200EB6729 /* Products */,
			);
			sourceTree = "<group>";
		};
		8E0F234026F2161200EB6729 /* Products */ = {
			isa = PBXGroup;
			children = (
				8E0F233F26F2161200EB6729 /* onboardingtest.app */,
			);
			name = Products;
			sourceTree = "<group>";
		};
		8E0F234126F2161200EB6729 /* onboardingtest */ = {
			isa = PBXGroup;
			children = (
				8E0F235126F2163600EB6729 /* ColorExtensions.swift */,
				8E0F234226F2161200EB6729 /* onboardingtestApp.swift */,
				8E0F234426F2161200EB6729 /* ContentView.swift */,
				8E0F235726F21D4500EB6729 /* OnBoardingHome.swift */,
				8E0F235326F2199F00EB6729 /* Model.swift */,
				8E0F235526F219D900EB6729 /* SwiftUIView.swift */,
				8E0F234626F2161200EB6729 /* Assets.xcassets */,
				8E0F234B26F2161200EB6729 /* Info.plist */,
				8E0F234826F2161200EB6729 /* Preview Content */,
			);
			path = onboardingtest;
			sourceTree = "<group>";
		};
		8E0F234826F2161200EB6729 /* Preview Content */ = {
			isa = PBXGroup;
			children = (
				8E0F234926F2161200EB6729 /* Preview Assets.xcassets */,
			);
			path = "Preview Content";
			sourceTree = "<group>";
		};
/* End PBXGroup section */

/* Begin PBXNativeTarget section */
		8E0F233E26F2161200EB6729 /* onboardingtest */ = {
			isa = PBXNativeTarget;
			buildConfigurationList = 8E0F234E26F2161200EB6729 /* Build configuration list for PBXNativeTarget "onboardingtest" */;
			buildPhases = (
				8E0F233B26F2161200EB6729 /* Sources */,
				8E0F233C26F2161200EB6729 /* Frameworks */,
				8E0F233D26F2161200EB6729 /* Resources */,
			);
			buildRules = (
			);
			dependencies = (
			);
			name = onboardingtest;
			productName = onboardingtest;
			productReference = 8E0F233F26F2161200EB6729 /* onboardingtest.app */;
			productType = "com.apple.product-type.application";
		};
/* End PBXNativeTarget section */

/* Begin PBXProject section */
		8E0F233726F2161200EB6729 /* Project object */ = {
			isa = PBXProject;
			attributes = {
				LastSwiftUpdateCheck = 1250;
				LastUpgradeCheck = 1250;
				TargetAttributes = {
					8E0F233E26F2161200EB6729 = {
						CreatedOnToolsVersion = 12.5.1;
					};
				};
			};
			buildConfigurationList = 8E0F233A26F2161200EB6729 /* Build configuration list for PBXProject "onboardingtest" */;
			compatibilityVersion = "Xcode 9.3";
			developmentRegion = en;
			hasScannedForEncodings = 0;
			knownRegions = (
				en,
				Base,
			);
			mainGroup = 8E0F233626F2161200EB6729;
			productRefGroup = 8E0F234026F2161200EB6729 /* Products */;
			projectDirPath = "";
			projectRoot = "";
			targets = (
				8E0F233E26F2161200EB6729 /* onboardingtest */,
			);
		};
/* End PBXProject section */

/* Begin PBXResourcesBuildPhase section */
		8E0F233D26F2161200EB6729 /* Resources */ = {
			isa = PBXResourcesBuildPhase;
			buildActionMask = 2147483647;
			files = (
				8E0F234A26F2161200EB6729 /* Preview Assets.xcassets in Resources */,
				8E0F234726F2161200EB6729 /* Assets.xcassets in Resources */,
			);
			runOnlyForDeploymentPostprocessing = 0;
		};
/* End PBXResourcesBuildPhase section */

/* Begin PBXSourcesBuildPhase section */
		8E0F233B26F2161200EB6729 /* Sources */ = {
			isa = PBXSourcesBuildPhase;
			buildActionMask = 2147483647;
			files = (
				8E0F234526F2161200EB6729 /* ContentView.swift in Sources */,
				8E0F235826F21D4500EB6729 /* OnBoardingHome.swift in Sources */,
				8E0F234326F2161200EB6729 /* onboardingtestApp.swift in Sources */,
				8E0F235226F2163600EB6729 /* ColorExtensions.swift in Sources */,
				8E0F235426F2199F00EB6729 /* Model.swift in Sources */,
				8E0F235626F219D900EB6729 /* SwiftUIView.swift in Sources */,
			);
			runOnlyForDeploymentPostprocessing = 0;
		};
/* End PBXSourcesBuildPhase section */

/* Begin XCBuildConfiguration section */
		8E0F234C26F2161200EB6729 /* Debug */ = {
			isa = XCBuildConfiguration;
			buildSettings = {
				ALWAYS_SEARCH_USER_PATHS = NO;
				CLANG_ANALYZER_NONNULL = YES;
				CLANG_ANALYZER_NUMBER_OBJECT_CONVERSION = YES_AGGRESSIVE;
				CLANG_CXX_LANGUAGE_STANDARD = "gnu++14";
				CLANG_CXX_LIBRARY = "libc++";
				CLANG_ENABLE_MODULES = YES;
				CLANG_ENABLE_OBJC_ARC = YES;
				CLANG_ENABLE_OBJC_WEAK = YES;
				CLANG_WARN_BLOCK_CAPTURE_AUTORELEASING = YES;
				CLANG_WARN_BOOL_CONVERSION = YES;
				CLANG_WARN_COMMA = YES;
				CLANG_WARN_CONSTANT_CONVERSION = YES;
				CLANG_WARN_DEPRECATED_OBJC_IMPLEMENTATIONS = YES;
				CLANG_WARN_DIRECT_OBJC_ISA_USAGE = YES_ERROR;
				CLANG_WARN_DOCUMENTATION_COMMENTS = YES;
				CLANG_WARN_EMPTY_BODY = YES;
				CLANG_WARN_ENUM_CONVERSION = YES;
				CLANG_WARN_INFINITE_RECURSION = YES;
				CLANG_WARN_INT_CONVERSION = YES;
				CLANG_WARN_NON_LITERAL_NULL_CONVERSION = YES;
				CLANG_WARN_OBJC_IMPLICIT_RETAIN_SELF = YES;
				CLANG_WARN_OBJC_LITERAL_CONVERSION = YES;
				CLANG_WARN_OBJC_ROOT_CLASS = YES_ERROR;
				CLANG_WARN_QUOTED_INCLUDE_IN_FRAMEWORK_HEADER = YES;
				CLANG_WARN_RANGE_LOOP_ANALYSIS = YES;
				CLANG_WARN_STRICT_PROTOTYPES = YES;
				CLANG_WARN_SUSPICIOUS_MOVE = YES;
				CLANG_WARN_UNGUARDED_AVAILABILITY = YES_AGGRESSIVE;
				CLANG_WARN_UNREACHABLE_CODE = YES;
				CLANG_WARN__DUPLICATE_METHOD_MATCH = YES;
				COPY_PHASE_STRIP = NO;
				DEBUG_INFORMATION_FORMAT = dwarf;
				ENABLE_STRICT_OBJC_MSGSEND = YES;
				ENABLE_TESTABILITY = YES;
				GCC_C_LANGUAGE_STANDARD = gnu11;
				GCC_DYNAMIC_NO_PIC = NO;
				GCC_NO_COMMON_BLOCKS = YES;
				GCC_OPTIMIZATION_LEVEL = 0;
				GCC_PREPROCESSOR_DEFINITIONS = (
					"DEBUG=1",
					"$(inherited)",
				);
				GCC_WARN_64_TO_32_BIT_CONVERSION = YES;
				GCC_WARN_ABOUT_RETURN_TYPE = YES_ERROR;
				GCC_WARN_UNDECLARED_SELECTOR = YES;
				GCC_WARN_UNINITIALIZED_AUTOS = YES_AGGRESSIVE;
				GCC_WARN_UNUSED_FUNCTION = YES;
				GCC_WARN_UNUSED_VARIABLE = YES;
				IPHONEOS_DEPLOYMENT_TARGET = 14.5;
				MTL_ENABLE_DEBUG_INFO = INCLUDE_SOURCE;
				MTL_FAST_MATH = YES;
				ONLY_ACTIVE_ARCH = YES;
				SDKROOT = iphoneos;
				SWIFT_ACTIVE_COMPILATION_CONDITIONS = DEBUG;
				SWIFT_OPTIMIZATION_LEVEL = "-Onone";
			};
			name = Debug;
		};
		8E0F234D26F2161200EB6729 /* Release */ = {
			isa = XCBuildConfiguration;
			buildSettings = {
				ALWAYS_SEARCH_USER_PATHS = NO;
				CLANG_ANALYZER_NONNULL = YES;
				CLANG_ANALYZER_NUMBER_OBJECT_CONVERSION = YES_AGGRESSIVE;
				CLANG_CXX_LANGUAGE_STANDARD = "gnu++14";
				CLANG_CXX_LIBRARY = "libc++";
				CLANG_ENABLE_MODULES = YES;
				CLANG_ENABLE_OBJC_ARC = YES;
				CLANG_ENABLE_OBJC_WEAK = YES;
				CLANG_WARN_BLOCK_CAPTURE_AUTORELEASING = YES;
				CLANG_WARN_BOOL_CONVERSION = YES;
				CLANG_WARN_COMMA = YES;
				CLANG_WARN_CONSTANT_CONVERSION = YES;
				CLANG_WARN_DEPRECATED_OBJC_IMPLEMENTATIONS = YES;
				CLANG_WARN_DIRECT_OBJC_ISA_USAGE = YES_ERROR;
				CLANG_WARN_DOCUMENTATION_COMMENTS = YES;
				CLANG_WARN_EMPTY_BODY = YES;
				CLANG_WARN_ENUM_CONVERSION = YES;
				CLANG_WARN_INFINITE_RECURSION = YES;
				CLANG_WARN_INT_CONVERSION = YES;
				CLANG_WARN_NON_LITERAL_NULL_CONVERSION = YES;
				CLANG_WARN_OBJC_IMPLICIT_RETAIN_SELF = YES;
				CLANG_WARN_OBJC_LITERAL_CONVERSION = YES;
				CLANG_WARN_OBJC_ROOT_CLASS = YES_ERROR;
				CLANG_WARN_QUOTED_INCLUDE_IN_FRAMEWORK_HEADER = YES;
				CLANG_WARN_RANGE_LOOP_ANALYSIS = YES;
				CLANG_WARN_STRICT_PROTOTYPES = YES;
				CLANG_WARN_SUSPICIOUS_MOVE = YES;
				CLANG_WARN_UNGUARDED_AVAILABILITY = YES_AGGRESSIVE;
				CLANG_WARN_UNREACHABLE_CODE = YES;
				CLANG_WARN__DUPLICATE_METHOD_MATCH = YES;
				COPY_PHASE_STRIP = NO;
				DEBUG_INFORMATION_FORMAT = "dwarf-with-dsym";
				ENABLE_NS_ASSERTIONS = NO;
				ENABLE_STRICT_OBJC_MSGSEND = YES;
				GCC_C_LANGUAGE_STANDARD = gnu11;
				GCC_NO_COMMON_BLOCKS = YES;
				GCC_WARN_64_TO_32_BIT_CONVERSION = YES;
				GCC_WARN_ABOUT_RETURN_TYPE = YES_ERROR;
				GCC_WARN_UNDECLARED_SELECTOR = YES;
				GCC_WARN_UNINITIALIZED_AUTOS = YES_AGGRESSIVE;
				GCC_WARN_UNUSED_FUNCTION = YES;
				GCC_WARN_UNUSED_VARIABLE = YES;
				IPHONEOS_DEPLOYMENT_TARGET = 14.5;
				MTL_ENABLE_DEBUG_INFO = NO;
				MTL_FAST_MATH = YES;
				SDKROOT = iphoneos;
				SWIFT_COMPILATION_MODE = wholemodule;
				SWIFT_OPTIMIZATION_LEVEL = "-O";
				VALIDATE_PRODUCT = YES;
			};
			name = Release;
		};
		8E0F234F26F2161200EB6729 /* Debug */ = {
			isa = XCBuildConfiguration;
			buildSettings = {
				ASSETCATALOG_COMPILER_APPICON_NAME = AppIcon;
				ASSETCATALOG_COMPILER_GLOBAL_ACCENT_COLOR_NAME = AccentColor;
				CODE_SIGN_STYLE = Automatic;
				DEVELOPMENT_ASSET_PATHS = "\"onboardingtest/Preview Content\"";
				ENABLE_PREVIEWS = YES;
				INFOPLIST_FILE = onboardingtest/Info.plist;
				IPHONEOS_DEPLOYMENT_TARGET = 14.0;
				LD_RUNPATH_SEARCH_PATHS = (
					"$(inherited)",
					"@executable_path/Frameworks",
				);
				PRODUCT_BUNDLE_IDENTIFIER = kamil.z.onboardingtest;
				PRODUCT_NAME = "$(TARGET_NAME)";
				SWIFT_VERSION = 5.0;
				TARGETED_DEVICE_FAMILY = "1,2";
			};
			name = Debug;
		};
		8E0F235026F2161200EB6729 /* Release */ = {
			isa = XCBuildConfiguration;
			buildSettings = {
				ASSETCATALOG_COMPILER_APPICON_NAME = AppIcon;
				ASSETCATALOG_COMPILER_GLOBAL_ACCENT_COLOR_NAME = AccentColor;
				CODE_SIGN_STYLE = Automatic;
				DEVELOPMENT_ASSET_PATHS = "\"onboardingtest/Preview Content\"";
				ENABLE_PREVIEWS = YES;
				INFOPLIST_FILE = onboardingtest/Info.plist;
				IPHONEOS_DEPLOYMENT_TARGET = 14.0;
				LD_RUNPATH_SEARCH_PATHS = (
					"$(inherited)",
					"@executable_path/Frameworks",
				);
				PRODUCT_BUNDLE_IDENTIFIER = kamil.z.onboardingtest;
				PRODUCT_NAME = "$(TARGET_NAME)";
				SWIFT_VERSION = 5.0;
				TARGETED_DEVICE_FAMILY = "1,2";
			};
			name = Release;
		};
/* End XCBuildConfiguration section */

/* Begin XCConfigurationList section */
		8E0F233A26F2161200EB6729 /* Build configuration list for PBXProject "onboardingtest" */ = {
			isa = XCConfigurationList;
			buildConfigurations = (
				8E0F234C26F2161200EB6729 /* Debug */,
				8E0F234D26F2161200EB6729 /* Release */,
			);
			defaultConfigurationIsVisible = 0;
			defaultConfigurationName = Release;
		};
		8E0F234E26F2161200EB6729 /* Build configuration list for PBXNativeTarget "onboardingtest" */ = {
			isa = XCConfigurationList;
			buildConfigurations = (
				8E0F234F26F2161200EB6729 /* Debug */,
				8E0F235026F2161200EB6729 /* Release */,
			);
			defaultConfigurationIsVisible = 0;
			defaultConfigurationName = Release;
		};
/* End XCConfigurationList section */
	};
	rootObject = 8E0F233726F2161200EB6729 /* Project object */;
}
